<?xml version="1.0" encoding="utf-8"?>
<Project ToolsVersion="4.0" xmlns="http://schemas.microsoft.com/developer/msbuild/2003">
  <ItemGroup>
    <Filter Include="Исходные файлы">
      <UniqueIdentifier>{4FC737F1-C7A5-4376-A066-2A32D752A2FF}</UniqueIdentifier>
      <Extensions>cpp;c;cc;cxx;def;odl;idl;hpj;bat;asm;asmx</Extensions>
    </Filter>
    <Filter Include="Файлы заголовков">
      <UniqueIdentifier>{93995380-89BD-4b04-88EB-625FBE52EBFB}</UniqueIdentifier>
      <Extensions>h;hh;hpp;hxx;hm;inl;inc;ipp;xsd</Extensions>
    </Filter>
    <Filter Include="Файлы ресурсов">
      <UniqueIdentifier>{67DA6AB6-F800-4c08-8B7A-83BB121AAD01}</UniqueIdentifier>
      <Extensions>rc;ico;cur;bmp;dlg;rc2;rct;bin;rgs;gif;jpg;jpeg;jpe;resx;tiff;tif;png;wav;mfcribbon-ms</Extensions>
    </Filter>
  </ItemGroup>
  <ItemGroup>
    <ClCompile Include="Source.cpp">
      <Filter>Исходные файлы</Filter>
    </ClCompile>
    <ClCompile Include="MyTriangle.cpp">
      <Filter>Исходные файлы</Filter>
    </ClCompile>
    <ClCompile Include="Figure.cpp">
      <Filter>Исходные файлы</Filter>
    </ClCompile>
    <ClCompile Include="Vector.cpp">
      <Filter>Исходные файлы</Filter>
    </ClCompile>
    <ClCompile Include="SceneController.cpp">
      <Filter>Исходные файлы</Filter>
    </ClCompile>
    <ClCompile Include="Serializer.cpp">
      <Filter>Исходные файлы</Filter>
    </ClCompile>
    <ClCompile Include="MyRectangle.cpp">
      <Filter>Исходные файлы</Filter>
    </ClCompile>
    <ClCompile Include="Creator.cpp">
      <Filter>Исходные файлы</Filter>
    </ClCompile>
    <ClCompile Include="RectangleCreator.cpp">
      <Filter>Исходные файлы</Filter>
    </ClCompile>
    <ClCompile Include="TriangleCreator.cpp">
      <Filter>Исходные файлы</Filter>
    </ClCompile>
    <ClCompile Include="Kurs.cpp">
      <Filter>Исходные файлы</Filter>
    </ClCompile>
  </ItemGroup>
  <ItemGroup>
    <None Include="packages.config" />
  </ItemGroup>
  <ItemGroup>
    <ClInclude Include="MyTriangle.h">
      <Filter>Файлы заголовков</Filter>
    </ClInclude>
    <ClInclude Include="Figure.h">
      <Filter>Файлы заголовков</Filter>
    </ClInclude>
    <ClInclude Include="MyRectangle.h">
      <Filter>Файлы заголовков</Filter>
    </ClInclude>
    <ClInclude Include="Vector.h">
      <Filter>Файлы заголовков</Filter>
    </ClInclude>
    <ClInclude Include="SceneController.h">
      <Filter>Файлы заголовков</Filter>
    </ClInclude>
    <ClInclude Include="Serializer.h">
      <Filter>Файлы заголовков</Filter>
    </ClInclude>
    <ClInclude Include="Creator.h">
      <Filter>Файлы заголовков</Filter>
    </ClInclude>
    <ClInclude Include="RectangleCreator.h">
      <Filter>Файлы заголовков</Filter>
    </ClInclude>
    <ClInclude Include="TriangleCreator.h">
      <Filter>Файлы заголовков</Filter>
    </ClInclude>
  </ItemGroup>
</Project>